
Microsoft Visual Studio Solution File, Format Version 12.00
# Visual Studio Version 16
VisualStudioVersion = 16.0.31105.61
MinimumVisualStudioVersion = 10.0.40219.1
Project("{FAE04EC0-301F-11D3-BF4B-00C04F79EFBC}") = "ConsoleApp3", "ConsoleApp3\ConsoleApp3.csproj", "{EE1C6866-83D9-429D-B998-4E4457179C53}"
EndProject
Global
	GlobalSection(SolutionConfigurationPlatforms) = preSolution
		Debug|Any CPU = Debug|Any CPU
		Release|Any CPU = Release|Any CPU
	EndGlobalSection
	GlobalSection(ProjectConfigurationPlatforms) = postSolution
		{EE1C6866-83D9-429D-B998-4E4457179C53}.Debug|Any CPU.ActiveCfg = Debug|Any CPU
		{EE1C6866-83D9-429D-B998-4E4457179C53}.Debug|Any CPU.Build.0 = Debug|Any CPU
		{EE1C6866-83D9-429D-B998-4E4457179C53}.Release|Any CPU.ActiveCfg = Release|Any CPU
		{EE1C6866-83D9-429D-B998-4E4457179C53}.Release|Any CPU.Build.0 = Release|Any CPU
	EndGlobalSection
	GlobalSection(SolutionProperties) = preSolution
		HideSolutionNode = FALSE
	EndGlobalSection
	GlobalSection(ExtensibilityGlobals) = postSolution
		SolutionGuid = {BF6C118B-B5DA-4DF7-8411-E0D5A53CF6AF}
	EndGlobalSection
EndGlobal
